
Microsoft Visual Studio Solution File, Format Version 12.00
# Visual Studio Version 16
VisualStudioVersion = 16.0.31515.178
MinimumVisualStudioVersion = 10.0.40219.1
Project("{9A19103F-16F7-4668-BE54-9A1E7A4F7556}") = "ComponentBus", "Bus\ComponentBus\ComponentBus.csproj", "{F9E4BDFB-8292-45FB-96CA-8BCE5FB22D90}"
EndProject
Project("{9A19103F-16F7-4668-BE54-9A1E7A4F7556}") = "BlazorApp", "UI\BlazorApp\BlazorApp.csproj", "{60486912-44C9-4EA7-A109-EC50AB1449B3}"
EndProject
Project("{2150E333-8FDC-42A3-9474-1A3956D46DE8}") = "UI", "UI", "{5132459A-6AC2-449B-A73F-AE7BADBCD0C1}"
EndProject
Project("{9A19103F-16F7-4668-BE54-9A1E7A4F7556}") = "Shop", "UI\Shop\Shop.csproj", "{AC5A1BFF-31F8-4522-8C76-3C7236318D87}"
EndProject
Project("{9A19103F-16F7-4668-BE54-9A1E7A4F7556}") = "Catalog", "UI\Catalog\Catalog.csproj", "{ED72379D-9706-423B-9244-2983C890CA3A}"
EndProject
Project("{9A19103F-16F7-4668-BE54-9A1E7A4F7556}") = "Warehouse", "UI\Warehouse\Warehouse.csproj", "{7A67EA5D-5A13-40A4-827D-C78073064C50}"
EndProject
Project("{9A19103F-16F7-4668-BE54-9A1E7A4F7556}") = "Shop.Contract", "UI\Shop.Contract\Shop.Contract.csproj", "{42BA745C-2134-4F38-94DC-31EE9958A87C}"
EndProject
Project("{9A19103F-16F7-4668-BE54-9A1E7A4F7556}") = "Catalog.Contract", "UI\Catalog.Contract\Catalog.Contract.csproj", "{20DC59F6-05B8-4F79-A573-EC9C43AF3597}"
EndProject
Project("{9A19103F-16F7-4668-BE54-9A1E7A4F7556}") = "Warehouse.Contract", "UI\Warehouse.Contract\Warehouse.Contract.csproj", "{2FF7127F-F539-44FC-8583-B2439904A7B9}"
EndProject
Project("{9A19103F-16F7-4668-BE54-9A1E7A4F7556}") = "Common", "UI\Common\Common.csproj", "{5D4C52A7-A76A-49CE-B702-B7F14CDFE520}"
EndProject
Project("{2150E333-8FDC-42A3-9474-1A3956D46DE8}") = "Product", "Product", "{83132764-0D2D-469E-A907-5407340BF1CA}"
EndProject
Project("{9A19103F-16F7-4668-BE54-9A1E7A4F7556}") = "Report", "UI\Report\Report.csproj", "{E4EDEE4D-26EA-493D-8E39-9D34D0E663A4}"
EndProject
Project("{2150E333-8FDC-42A3-9474-1A3956D46DE8}") = "Bus", "Bus", "{A6CC4BA3-6395-403D-AB7C-0139773E5B9B}"
EndProject
Project("{9A19103F-16F7-4668-BE54-9A1E7A4F7556}") = "ComponentBus.Tests", "Bus\ComponentBus.Tests\ComponentBus.Tests.csproj", "{A6A1535B-B7DF-47E3-A734-AE0B97808E91}"
EndProject
Global
	GlobalSection(SolutionConfigurationPlatforms) = preSolution
		Debug|Any CPU = Debug|Any CPU
		Release|Any CPU = Release|Any CPU
	EndGlobalSection
	GlobalSection(ProjectConfigurationPlatforms) = postSolution
		{F9E4BDFB-8292-45FB-96CA-8BCE5FB22D90}.Debug|Any CPU.ActiveCfg = Debug|Any CPU
		{F9E4BDFB-8292-45FB-96CA-8BCE5FB22D90}.Debug|Any CPU.Build.0 = Debug|Any CPU
		{F9E4BDFB-8292-45FB-96CA-8BCE5FB22D90}.Release|Any CPU.ActiveCfg = Release|Any CPU
		{F9E4BDFB-8292-45FB-96CA-8BCE5FB22D90}.Release|Any CPU.Build.0 = Release|Any CPU
		{60486912-44C9-4EA7-A109-EC50AB1449B3}.Debug|Any CPU.ActiveCfg = Debug|Any CPU
		{60486912-44C9-4EA7-A109-EC50AB1449B3}.Debug|Any CPU.Build.0 = Debug|Any CPU
		{60486912-44C9-4EA7-A109-EC50AB1449B3}.Release|Any CPU.ActiveCfg = Release|Any CPU
		{60486912-44C9-4EA7-A109-EC50AB1449B3}.Release|Any CPU.Build.0 = Release|Any CPU
		{AC5A1BFF-31F8-4522-8C76-3C7236318D87}.Debug|Any CPU.ActiveCfg = Debug|Any CPU
		{AC5A1BFF-31F8-4522-8C76-3C7236318D87}.Debug|Any CPU.Build.0 = Debug|Any CPU
		{AC5A1BFF-31F8-4522-8C76-3C7236318D87}.Release|Any CPU.ActiveCfg = Release|Any CPU
		{AC5A1BFF-31F8-4522-8C76-3C7236318D87}.Release|Any CPU.Build.0 = Release|Any CPU
		{ED72379D-9706-423B-9244-2983C890CA3A}.Debug|Any CPU.ActiveCfg = Debug|Any CPU
		{ED72379D-9706-423B-9244-2983C890CA3A}.Debug|Any CPU.Build.0 = Debug|Any CPU
		{ED72379D-9706-423B-9244-2983C890CA3A}.Release|Any CPU.ActiveCfg = Release|Any CPU
		{ED72379D-9706-423B-9244-2983C890CA3A}.Release|Any CPU.Build.0 = Release|Any CPU
		{7A67EA5D-5A13-40A4-827D-C78073064C50}.Debug|Any CPU.ActiveCfg = Debug|Any CPU
		{7A67EA5D-5A13-40A4-827D-C78073064C50}.Debug|Any CPU.Build.0 = Debug|Any CPU
		{7A67EA5D-5A13-40A4-827D-C78073064C50}.Release|Any CPU.ActiveCfg = Release|Any CPU
		{7A67EA5D-5A13-40A4-827D-C78073064C50}.Release|Any CPU.Build.0 = Release|Any CPU
		{42BA745C-2134-4F38-94DC-31EE9958A87C}.Debug|Any CPU.ActiveCfg = Debug|Any CPU
		{42BA745C-2134-4F38-94DC-31EE9958A87C}.Debug|Any CPU.Build.0 = Debug|Any CPU
		{42BA745C-2134-4F38-94DC-31EE9958A87C}.Release|Any CPU.ActiveCfg = Release|Any CPU
		{42BA745C-2134-4F38-94DC-31EE9958A87C}.Release|Any CPU.Build.0 = Release|Any CPU
		{20DC59F6-05B8-4F79-A573-EC9C43AF3597}.Debug|Any CPU.ActiveCfg = Debug|Any CPU
		{20DC59F6-05B8-4F79-A573-EC9C43AF3597}.Debug|Any CPU.Build.0 = Debug|Any CPU
		{20DC59F6-05B8-4F79-A573-EC9C43AF3597}.Release|Any CPU.ActiveCfg = Release|Any CPU
		{20DC59F6-05B8-4F79-A573-EC9C43AF3597}.Release|Any CPU.Build.0 = Release|Any CPU
		{2FF7127F-F539-44FC-8583-B2439904A7B9}.Debug|Any CPU.ActiveCfg = Debug|Any CPU
		{2FF7127F-F539-44FC-8583-B2439904A7B9}.Debug|Any CPU.Build.0 = Debug|Any CPU
		{2FF7127F-F539-44FC-8583-B2439904A7B9}.Release|Any CPU.ActiveCfg = Release|Any CPU
		{2FF7127F-F539-44FC-8583-B2439904A7B9}.Release|Any CPU.Build.0 = Release|Any CPU
		{5D4C52A7-A76A-49CE-B702-B7F14CDFE520}.Debug|Any CPU.ActiveCfg = Debug|Any CPU
		{5D4C52A7-A76A-49CE-B702-B7F14CDFE520}.Debug|Any CPU.Build.0 = Debug|Any CPU
		{5D4C52A7-A76A-49CE-B702-B7F14CDFE520}.Release|Any CPU.ActiveCfg = Release|Any CPU
		{5D4C52A7-A76A-49CE-B702-B7F14CDFE520}.Release|Any CPU.Build.0 = Release|Any CPU
		{E4EDEE4D-26EA-493D-8E39-9D34D0E663A4}.Debug|Any CPU.ActiveCfg = Debug|Any CPU
		{E4EDEE4D-26EA-493D-8E39-9D34D0E663A4}.Debug|Any CPU.Build.0 = Debug|Any CPU
		{E4EDEE4D-26EA-493D-8E39-9D34D0E663A4}.Release|Any CPU.ActiveCfg = Release|Any CPU
		{E4EDEE4D-26EA-493D-8E39-9D34D0E663A4}.Release|Any CPU.Build.0 = Release|Any CPU
		{A6A1535B-B7DF-47E3-A734-AE0B97808E91}.Debug|Any CPU.ActiveCfg = Debug|Any CPU
		{A6A1535B-B7DF-47E3-A734-AE0B97808E91}.Debug|Any CPU.Build.0 = Debug|Any CPU
		{A6A1535B-B7DF-47E3-A734-AE0B97808E91}.Release|Any CPU.ActiveCfg = Release|Any CPU
		{A6A1535B-B7DF-47E3-A734-AE0B97808E91}.Release|Any CPU.Build.0 = Release|Any CPU
	EndGlobalSection
	GlobalSection(SolutionProperties) = preSolution
		HideSolutionNode = FALSE
	EndGlobalSection
	GlobalSection(NestedProjects) = preSolution
		{F9E4BDFB-8292-45FB-96CA-8BCE5FB22D90} = {A6CC4BA3-6395-403D-AB7C-0139773E5B9B}
		{60486912-44C9-4EA7-A109-EC50AB1449B3} = {5132459A-6AC2-449B-A73F-AE7BADBCD0C1}
		{AC5A1BFF-31F8-4522-8C76-3C7236318D87} = {83132764-0D2D-469E-A907-5407340BF1CA}
		{ED72379D-9706-423B-9244-2983C890CA3A} = {83132764-0D2D-469E-A907-5407340BF1CA}
		{7A67EA5D-5A13-40A4-827D-C78073064C50} = {83132764-0D2D-469E-A907-5407340BF1CA}
		{42BA745C-2134-4F38-94DC-31EE9958A87C} = {83132764-0D2D-469E-A907-5407340BF1CA}
		{20DC59F6-05B8-4F79-A573-EC9C43AF3597} = {83132764-0D2D-469E-A907-5407340BF1CA}
		{2FF7127F-F539-44FC-8583-B2439904A7B9} = {83132764-0D2D-469E-A907-5407340BF1CA}
		{5D4C52A7-A76A-49CE-B702-B7F14CDFE520} = {83132764-0D2D-469E-A907-5407340BF1CA}
		{83132764-0D2D-469E-A907-5407340BF1CA} = {5132459A-6AC2-449B-A73F-AE7BADBCD0C1}
		{E4EDEE4D-26EA-493D-8E39-9D34D0E663A4} = {83132764-0D2D-469E-A907-5407340BF1CA}
		{A6A1535B-B7DF-47E3-A734-AE0B97808E91} = {A6CC4BA3-6395-403D-AB7C-0139773E5B9B}
	EndGlobalSection
	GlobalSection(ExtensibilityGlobals) = postSolution
		SolutionGuid = {ACE93396-BED4-444C-85DE-108F678AFC4F}
	EndGlobalSection
EndGlobal
